
Microsoft Visual Studio Solution File, Format Version 10.00
# Visual Studio 2008
Project("{8BC9CEB8-8B4A-11D0-8D11-00A0C91BC942}") = "curlclient", "s3client\s3client.vcproj", "{980A326C-706C-4E46-8643-2C0B140F27A7}"
EndProject
Project("{8BC9CEB8-8B4A-11D0-8D11-00A0C91BC942}") = "winhttp", "winhttp\winhttp.vcproj", "{81F8DD8B-7E2F-4023-9320-000C2D90B752}"
EndProject
Global
	GlobalSection(SolutionConfigurationPlatforms) = preSolution
		Debug|Win32 = Debug|Win32
		Release|Win32 = Release|Win32
	EndGlobalSection
	GlobalSection(ProjectConfigurationPlatforms) = postSolution
		{980A326C-706C-4E46-8643-2C0B140F27A7}.Debug|Win32.ActiveCfg = Debug|Win32
		{980A326C-706C-4E46-8643-2C0B140F27A7}.Debug|Win32.Build.0 = Debug|Win32
		{980A326C-706C-4E46-8643-2C0B140F27A7}.Release|Win32.ActiveCfg = Release|Win32
		{980A326C-706C-4E46-8643-2C0B140F27A7}.Release|Win32.Build.0 = Release|Win32
		{81F8DD8B-7E2F-4023-9320-000C2D90B752}.Debug|Win32.ActiveCfg = Debug|Win32
		{81F8DD8B-7E2F-4023-9320-000C2D90B752}.Debug|Win32.Build.0 = Debug|Win32
		{81F8DD8B-7E2F-4023-9320-000C2D90B752}.Release|Win32.ActiveCfg = Release|Win32
		{81F8DD8B-7E2F-4023-9320-000C2D90B752}.Release|Win32.Build.0 = Release|Win32
	EndGlobalSection
	GlobalSection(SolutionProperties) = preSolution
		HideSolutionNode = FALSE
	EndGlobalSection
EndGlobal
